
Microsoft Visual Studio Solution File, Format Version 11.00
# Visual Studio 2010
Project("{E24C65DC-7377-472B-9ABA-BC803B73C61A}") = "javascript", "javascript", "{C2D58FD2-CE0B-46D2-B1B7-9E53EB276C8F}"
	ProjectSection(WebsiteProperties) = preProject
		TargetFrameworkMoniker = ".NETFramework,Version%3Dv4.0"
		Debug.AspNetCompiler.VirtualPath = "/javascript"
		Debug.AspNetCompiler.PhysicalPath = "javascript\"
		Debug.AspNetCompiler.TargetPath = "PrecompiledWeb\javascript\"
		Debug.AspNetCompiler.Updateable = "true"
		Debug.AspNetCompiler.ForceOverwrite = "true"
		Debug.AspNetCompiler.FixedNames = "false"
		Debug.AspNetCompiler.Debug = "True"
		Release.AspNetCompiler.VirtualPath = "/javascript"
		Release.AspNetCompiler.PhysicalPath = "javascript\"
		Release.AspNetCompiler.TargetPath = "PrecompiledWeb\javascript\"
		Release.AspNetCompiler.Updateable = "true"
		Release.AspNetCompiler.ForceOverwrite = "true"
		Release.AspNetCompiler.FixedNames = "false"
		Release.AspNetCompiler.Debug = "False"
		VWDPort = "61386"
	EndProjectSection
EndProject
Project("{FAE04EC0-301F-11D3-BF4B-00C04F79EFBC}") = "jpvs-builder", "jpvs-builder\jpvs-builder.csproj", "{68F60759-C921-4719-B3E2-8853B094B14A}"
EndProject
Global
	GlobalSection(SolutionConfigurationPlatforms) = preSolution
		Debug|Any CPU = Debug|Any CPU
		Debug|Mixed Platforms = Debug|Mixed Platforms
		Debug|x86 = Debug|x86
		Release|Any CPU = Release|Any CPU
		Release|Mixed Platforms = Release|Mixed Platforms
		Release|x86 = Release|x86
	EndGlobalSection
	GlobalSection(ProjectConfigurationPlatforms) = postSolution
		{C2D58FD2-CE0B-46D2-B1B7-9E53EB276C8F}.Debug|Any CPU.ActiveCfg = Debug|Any CPU
		{C2D58FD2-CE0B-46D2-B1B7-9E53EB276C8F}.Debug|Any CPU.Build.0 = Debug|Any CPU
		{C2D58FD2-CE0B-46D2-B1B7-9E53EB276C8F}.Debug|Mixed Platforms.ActiveCfg = Debug|Any CPU
		{C2D58FD2-CE0B-46D2-B1B7-9E53EB276C8F}.Debug|Mixed Platforms.Build.0 = Debug|Any CPU
		{C2D58FD2-CE0B-46D2-B1B7-9E53EB276C8F}.Debug|x86.ActiveCfg = Debug|Any CPU
		{C2D58FD2-CE0B-46D2-B1B7-9E53EB276C8F}.Release|Any CPU.ActiveCfg = Debug|Any CPU
		{C2D58FD2-CE0B-46D2-B1B7-9E53EB276C8F}.Release|Any CPU.Build.0 = Debug|Any CPU
		{C2D58FD2-CE0B-46D2-B1B7-9E53EB276C8F}.Release|Mixed Platforms.ActiveCfg = Debug|Any CPU
		{C2D58FD2-CE0B-46D2-B1B7-9E53EB276C8F}.Release|Mixed Platforms.Build.0 = Debug|Any CPU
		{C2D58FD2-CE0B-46D2-B1B7-9E53EB276C8F}.Release|x86.ActiveCfg = Debug|Any CPU
		{68F60759-C921-4719-B3E2-8853B094B14A}.Debug|Any CPU.ActiveCfg = Debug|x86
		{68F60759-C921-4719-B3E2-8853B094B14A}.Debug|Mixed Platforms.ActiveCfg = Debug|x86
		{68F60759-C921-4719-B3E2-8853B094B14A}.Debug|Mixed Platforms.Build.0 = Debug|x86
		{68F60759-C921-4719-B3E2-8853B094B14A}.Debug|x86.ActiveCfg = Debug|x86
		{68F60759-C921-4719-B3E2-8853B094B14A}.Debug|x86.Build.0 = Debug|x86
		{68F60759-C921-4719-B3E2-8853B094B14A}.Release|Any CPU.ActiveCfg = Release|x86
		{68F60759-C921-4719-B3E2-8853B094B14A}.Release|Mixed Platforms.ActiveCfg = Release|x86
		{68F60759-C921-4719-B3E2-8853B094B14A}.Release|Mixed Platforms.Build.0 = Release|x86
		{68F60759-C921-4719-B3E2-8853B094B14A}.Release|x86.ActiveCfg = Release|x86
		{68F60759-C921-4719-B3E2-8853B094B14A}.Release|x86.Build.0 = Release|x86
	EndGlobalSection
	GlobalSection(SolutionProperties) = preSolution
		HideSolutionNode = FALSE
	EndGlobalSection
EndGlobal
