
Microsoft Visual Studio Solution File, Format Version 12.00
# Visual Studio Version 17
VisualStudioVersion = 17.6.33712.159
MinimumVisualStudioVersion = 10.0.40219.1
Project("{E24C65DC-7377-472B-9ABA-BC803B73C61A}") = "javascript", "javascript\", "{C2D58FD2-CE0B-46D2-B1B7-9E53EB276C8F}"
	ProjectSection(WebsiteProperties) = preProject
		TargetFrameworkMoniker = ".NETFramework,Version%3Dv4.8.1"
		Debug.AspNetCompiler.VirtualPath = "/javascript"
		Debug.AspNetCompiler.PhysicalPath = "javascript\"
		Debug.AspNetCompiler.TargetPath = "PrecompiledWeb\javascript\"
		Debug.AspNetCompiler.Updateable = "true"
		Debug.AspNetCompiler.ForceOverwrite = "true"
		Debug.AspNetCompiler.FixedNames = "false"
		Debug.AspNetCompiler.Debug = "True"
		Release.AspNetCompiler.VirtualPath = "/javascript"
		Release.AspNetCompiler.PhysicalPath = "javascript\"
		Release.AspNetCompiler.TargetPath = "PrecompiledWeb\javascript\"
		Release.AspNetCompiler.Updateable = "true"
		Release.AspNetCompiler.ForceOverwrite = "true"
		Release.AspNetCompiler.FixedNames = "false"
		Release.AspNetCompiler.Debug = "False"
		VWDPort = "61386"
		SlnRelativePath = "javascript\"
	EndProjectSection
EndProject
Project("{FAE04EC0-301F-11D3-BF4B-00C04F79EFBC}") = "jpvs-net", "jpvs-net\jpvs-net.csproj", "{1FDB6DCE-CBAE-4E06-A851-036DCA37E26F}"
EndProject
Global
	GlobalSection(SolutionConfigurationPlatforms) = preSolution
		Debug|Any CPU = Debug|Any CPU
		Debug|Mixed Platforms = Debug|Mixed Platforms
		Debug|x86 = Debug|x86
		Release|Any CPU = Release|Any CPU
		Release|Mixed Platforms = Release|Mixed Platforms
		Release|x86 = Release|x86
	EndGlobalSection
	GlobalSection(ProjectConfigurationPlatforms) = postSolution
		{C2D58FD2-CE0B-46D2-B1B7-9E53EB276C8F}.Debug|Any CPU.ActiveCfg = Debug|Any CPU
		{C2D58FD2-CE0B-46D2-B1B7-9E53EB276C8F}.Debug|Any CPU.Build.0 = Debug|Any CPU
		{C2D58FD2-CE0B-46D2-B1B7-9E53EB276C8F}.Debug|Mixed Platforms.ActiveCfg = Debug|Any CPU
		{C2D58FD2-CE0B-46D2-B1B7-9E53EB276C8F}.Debug|Mixed Platforms.Build.0 = Debug|Any CPU
		{C2D58FD2-CE0B-46D2-B1B7-9E53EB276C8F}.Debug|x86.ActiveCfg = Debug|Any CPU
		{C2D58FD2-CE0B-46D2-B1B7-9E53EB276C8F}.Release|Any CPU.ActiveCfg = Debug|Any CPU
		{C2D58FD2-CE0B-46D2-B1B7-9E53EB276C8F}.Release|Any CPU.Build.0 = Debug|Any CPU
		{C2D58FD2-CE0B-46D2-B1B7-9E53EB276C8F}.Release|Mixed Platforms.ActiveCfg = Debug|Any CPU
		{C2D58FD2-CE0B-46D2-B1B7-9E53EB276C8F}.Release|Mixed Platforms.Build.0 = Debug|Any CPU
		{C2D58FD2-CE0B-46D2-B1B7-9E53EB276C8F}.Release|x86.ActiveCfg = Debug|Any CPU
		{1FDB6DCE-CBAE-4E06-A851-036DCA37E26F}.Debug|Any CPU.ActiveCfg = Debug|Any CPU
		{1FDB6DCE-CBAE-4E06-A851-036DCA37E26F}.Debug|Any CPU.Build.0 = Debug|Any CPU
		{1FDB6DCE-CBAE-4E06-A851-036DCA37E26F}.Debug|Mixed Platforms.ActiveCfg = Debug|Any CPU
		{1FDB6DCE-CBAE-4E06-A851-036DCA37E26F}.Debug|Mixed Platforms.Build.0 = Debug|Any CPU
		{1FDB6DCE-CBAE-4E06-A851-036DCA37E26F}.Debug|x86.ActiveCfg = Debug|Any CPU
		{1FDB6DCE-CBAE-4E06-A851-036DCA37E26F}.Release|Any CPU.ActiveCfg = Release|Any CPU
		{1FDB6DCE-CBAE-4E06-A851-036DCA37E26F}.Release|Any CPU.Build.0 = Release|Any CPU
		{1FDB6DCE-CBAE-4E06-A851-036DCA37E26F}.Release|Mixed Platforms.ActiveCfg = Release|Any CPU
		{1FDB6DCE-CBAE-4E06-A851-036DCA37E26F}.Release|Mixed Platforms.Build.0 = Release|Any CPU
		{1FDB6DCE-CBAE-4E06-A851-036DCA37E26F}.Release|x86.ActiveCfg = Release|Any CPU
	EndGlobalSection
	GlobalSection(SolutionProperties) = preSolution
		HideSolutionNode = FALSE
	EndGlobalSection
	GlobalSection(ExtensibilityGlobals) = postSolution
		SolutionGuid = {DAEC59D9-2B59-4DF8-BE1A-33CA60E7835B}
	EndGlobalSection
EndGlobal
